
Microsoft Visual Studio Solution File, Format Version 12.00
# Visual Studio 15
VisualStudioVersion = 15.0.28010.2046
MinimumVisualStudioVersion = 10.0.40219.1
Project("{2150E333-8FDC-42A3-9474-1A3956D46DE8}") = "Services", "Services", "{1471B4B1-6391-42B3-8748-8C1FE455B1D0}"
EndProject
Project("{9A19103F-16F7-4668-BE54-9A1E7A4F7556}") = "PopQuiz.Service.Quiz", "Services\PopQuiz.Service.Quiz\PopQuiz.Service.Quiz.csproj", "{497E2B2B-ECB2-4E19-8A5A-A968585D79D0}"
EndProject
Project("{2150E333-8FDC-42A3-9474-1A3956D46DE8}") = "Quiz", "Quiz", "{5A2EF8A4-CF98-4706-9012-32ADB9053D0D}"
EndProject
Project("{9A19103F-16F7-4668-BE54-9A1E7A4F7556}") = "PopQuiz.Service.Quiz.Application", "Services\PopQuiz.Service.Quiz.Application\PopQuiz.Service.Quiz.Application.csproj", "{F7EA9F2B-0593-412F-8BAF-6180784ED9A9}"
EndProject
Project("{9A19103F-16F7-4668-BE54-9A1E7A4F7556}") = "PopQuiz.Service.Quiz.Domain", "Services\PopQuiz.Service.Quiz.Domain\PopQuiz.Service.Quiz.Domain.csproj", "{04364C2F-44C1-42F6-8EB1-45FD3A50057F}"
EndProject
Project("{9A19103F-16F7-4668-BE54-9A1E7A4F7556}") = "PopQuiz.Service.Quiz.Infrastructure", "Services\PopQuiz.Service.Quiz.Infrastructure\PopQuiz.Service.Quiz.Infrastructure.csproj", "{0BF3FC6D-8538-43E3-AE4F-BD44807A4CE7}"
EndProject
Project("{2150E333-8FDC-42A3-9474-1A3956D46DE8}") = "Tests", "Tests", "{99884F25-5B36-4471-87A3-0BFEC5557FEC}"
EndProject
Project("{9A19103F-16F7-4668-BE54-9A1E7A4F7556}") = "PopQuiz.Service.Quiz.Application.Test", "Services\PopQuiz.Service.Quiz.Application.Test\PopQuiz.Service.Quiz.Application.Test.csproj", "{8888775B-2872-4132-946A-CD5C431B3092}"
EndProject
Project("{9A19103F-16F7-4668-BE54-9A1E7A4F7556}") = "PopQuiz.Service.Quiz..Domain.Test", "Services\PopQuiz.Service.Quiz.Domain.Test\PopQuiz.Service.Quiz..Domain.Test.csproj", "{F471DEE1-1B86-431B-AB66-4F27C272746D}"
EndProject
Project("{2150E333-8FDC-42A3-9474-1A3956D46DE8}") = "Web", "Web", "{6371AAD4-E058-4A19-B65A-5AD9FEAB1229}"
EndProject
Project("{9A19103F-16F7-4668-BE54-9A1E7A4F7556}") = "PopQuiz.Service.Common", "Services\PopQuiz.Service.Common\PopQuiz.Service.Common.csproj", "{6FFDAC23-0E0A-42AF-9ED5-7D1CE897E0A9}"
EndProject
Project("{9A19103F-16F7-4668-BE54-9A1E7A4F7556}") = "PopQuiz.Service.Quiz.Application.Interfaces", "Services\PopQuiz.Service.Quiz.Application.Interfaces\PopQuiz.Service.Quiz.Application.Interfaces.csproj", "{56FCD8F6-E154-49B5-81E0-A19F4863C008}"
EndProject
Project("{2150E333-8FDC-42A3-9474-1A3956D46DE8}") = "Schedule", "Schedule", "{F25CF5FA-1912-4EF8-AD95-826A099E6448}"
EndProject
Project("{9A19103F-16F7-4668-BE54-9A1E7A4F7556}") = "PopQuiz.Service.Schedule", "Services\PopQuiz.Service.Schedule\PopQuiz.Service.Schedule.csproj", "{8B530DBB-59F9-4075-8304-303694E4F768}"
EndProject
Project("{9A19103F-16F7-4668-BE54-9A1E7A4F7556}") = "PopQuiz.Service.Schedule.Application", "Services\PopQuiz.Service.Schedule.Application\PopQuiz.Service.Schedule.Application.csproj", "{9E0CC41F-EF95-48BD-BB75-574AC7AA79E0}"
EndProject
Project("{9A19103F-16F7-4668-BE54-9A1E7A4F7556}") = "PopQuiz.Service.Schedule.Application.Interfaces", "Services\PopQuiz.Service.Schedule.Application.Interfaces\PopQuiz.Service.Schedule.Application.Interfaces.csproj", "{DC7E8A90-4D36-49E2-A4B5-06201D84E567}"
EndProject
Project("{9A19103F-16F7-4668-BE54-9A1E7A4F7556}") = "PopQuiz.Service.Schedule.Domain", "Services\PopQuiz.Service.Schedule.Domain\PopQuiz.Service.Schedule.Domain.csproj", "{5565315D-C5A1-4D84-8038-8E0BDBD127CF}"
EndProject
Project("{2150E333-8FDC-42A3-9474-1A3956D46DE8}") = "Tests", "Tests", "{630A3F28-9E95-498A-B07B-341DD9594DB9}"
EndProject
Project("{9A19103F-16F7-4668-BE54-9A1E7A4F7556}") = "PopQuiz.Service.Schedule.Infrastructure", "Services\PopQuiz.Service.Schedule.Infrastructure\PopQuiz.Service.Schedule.Infrastructure.csproj", "{BEBDEA68-991E-46F8-BD01-CF76E24DF271}"
EndProject
Project("{2150E333-8FDC-42A3-9474-1A3956D46DE8}") = "Infrastructure", "Infrastructure", "{9A5076AA-9AC8-4979-9A3C-C0B5AC4A4718}"
EndProject
Project("{9A19103F-16F7-4668-BE54-9A1E7A4F7556}") = "PopQuiz.Service.Quiz.Persistence", "Services\PopQuiz.Service.Quiz.Persistence\PopQuiz.Service.Quiz.Persistence.csproj", "{62E7D166-F34D-4917-B31A-C472CC14FFE5}"
EndProject
Project("{9A19103F-16F7-4668-BE54-9A1E7A4F7556}") = "PopQuiz.Service.Common.Web", "Services\PopQuiz.Service.Common.Web\PopQuiz.Service.Common.Web.csproj", "{29E5CD9E-9389-408D-8B36-0C70336286AA}"
EndProject
Project("{E53339B2-1760-4266-BCC7-CA923CBCF16C}") = "docker-compose", "docker-compose.dcproj", "{2DB4D745-9F32-405A-AC64-062EB23DCAF3}"
EndProject
Global
	GlobalSection(SolutionConfigurationPlatforms) = preSolution
		Debug|Any CPU = Debug|Any CPU
		Release|Any CPU = Release|Any CPU
	EndGlobalSection
	GlobalSection(ProjectConfigurationPlatforms) = postSolution
		{497E2B2B-ECB2-4E19-8A5A-A968585D79D0}.Debug|Any CPU.ActiveCfg = Debug|Any CPU
		{497E2B2B-ECB2-4E19-8A5A-A968585D79D0}.Debug|Any CPU.Build.0 = Debug|Any CPU
		{497E2B2B-ECB2-4E19-8A5A-A968585D79D0}.Release|Any CPU.ActiveCfg = Release|Any CPU
		{497E2B2B-ECB2-4E19-8A5A-A968585D79D0}.Release|Any CPU.Build.0 = Release|Any CPU
		{F7EA9F2B-0593-412F-8BAF-6180784ED9A9}.Debug|Any CPU.ActiveCfg = Debug|Any CPU
		{F7EA9F2B-0593-412F-8BAF-6180784ED9A9}.Debug|Any CPU.Build.0 = Debug|Any CPU
		{F7EA9F2B-0593-412F-8BAF-6180784ED9A9}.Release|Any CPU.ActiveCfg = Release|Any CPU
		{F7EA9F2B-0593-412F-8BAF-6180784ED9A9}.Release|Any CPU.Build.0 = Release|Any CPU
		{04364C2F-44C1-42F6-8EB1-45FD3A50057F}.Debug|Any CPU.ActiveCfg = Debug|Any CPU
		{04364C2F-44C1-42F6-8EB1-45FD3A50057F}.Debug|Any CPU.Build.0 = Debug|Any CPU
		{04364C2F-44C1-42F6-8EB1-45FD3A50057F}.Release|Any CPU.ActiveCfg = Release|Any CPU
		{04364C2F-44C1-42F6-8EB1-45FD3A50057F}.Release|Any CPU.Build.0 = Release|Any CPU
		{0BF3FC6D-8538-43E3-AE4F-BD44807A4CE7}.Debug|Any CPU.ActiveCfg = Debug|Any CPU
		{0BF3FC6D-8538-43E3-AE4F-BD44807A4CE7}.Debug|Any CPU.Build.0 = Debug|Any CPU
		{0BF3FC6D-8538-43E3-AE4F-BD44807A4CE7}.Release|Any CPU.ActiveCfg = Release|Any CPU
		{0BF3FC6D-8538-43E3-AE4F-BD44807A4CE7}.Release|Any CPU.Build.0 = Release|Any CPU
		{8888775B-2872-4132-946A-CD5C431B3092}.Debug|Any CPU.ActiveCfg = Debug|Any CPU
		{8888775B-2872-4132-946A-CD5C431B3092}.Debug|Any CPU.Build.0 = Debug|Any CPU
		{8888775B-2872-4132-946A-CD5C431B3092}.Release|Any CPU.ActiveCfg = Release|Any CPU
		{8888775B-2872-4132-946A-CD5C431B3092}.Release|Any CPU.Build.0 = Release|Any CPU
		{F471DEE1-1B86-431B-AB66-4F27C272746D}.Debug|Any CPU.ActiveCfg = Debug|Any CPU
		{F471DEE1-1B86-431B-AB66-4F27C272746D}.Debug|Any CPU.Build.0 = Debug|Any CPU
		{F471DEE1-1B86-431B-AB66-4F27C272746D}.Release|Any CPU.ActiveCfg = Release|Any CPU
		{F471DEE1-1B86-431B-AB66-4F27C272746D}.Release|Any CPU.Build.0 = Release|Any CPU
		{6FFDAC23-0E0A-42AF-9ED5-7D1CE897E0A9}.Debug|Any CPU.ActiveCfg = Debug|Any CPU
		{6FFDAC23-0E0A-42AF-9ED5-7D1CE897E0A9}.Debug|Any CPU.Build.0 = Debug|Any CPU
		{6FFDAC23-0E0A-42AF-9ED5-7D1CE897E0A9}.Release|Any CPU.ActiveCfg = Release|Any CPU
		{6FFDAC23-0E0A-42AF-9ED5-7D1CE897E0A9}.Release|Any CPU.Build.0 = Release|Any CPU
		{56FCD8F6-E154-49B5-81E0-A19F4863C008}.Debug|Any CPU.ActiveCfg = Debug|Any CPU
		{56FCD8F6-E154-49B5-81E0-A19F4863C008}.Debug|Any CPU.Build.0 = Debug|Any CPU
		{56FCD8F6-E154-49B5-81E0-A19F4863C008}.Release|Any CPU.ActiveCfg = Release|Any CPU
		{56FCD8F6-E154-49B5-81E0-A19F4863C008}.Release|Any CPU.Build.0 = Release|Any CPU
		{8B530DBB-59F9-4075-8304-303694E4F768}.Debug|Any CPU.ActiveCfg = Debug|Any CPU
		{8B530DBB-59F9-4075-8304-303694E4F768}.Debug|Any CPU.Build.0 = Debug|Any CPU
		{8B530DBB-59F9-4075-8304-303694E4F768}.Release|Any CPU.ActiveCfg = Release|Any CPU
		{8B530DBB-59F9-4075-8304-303694E4F768}.Release|Any CPU.Build.0 = Release|Any CPU
		{9E0CC41F-EF95-48BD-BB75-574AC7AA79E0}.Debug|Any CPU.ActiveCfg = Debug|Any CPU
		{9E0CC41F-EF95-48BD-BB75-574AC7AA79E0}.Debug|Any CPU.Build.0 = Debug|Any CPU
		{9E0CC41F-EF95-48BD-BB75-574AC7AA79E0}.Release|Any CPU.ActiveCfg = Release|Any CPU
		{9E0CC41F-EF95-48BD-BB75-574AC7AA79E0}.Release|Any CPU.Build.0 = Release|Any CPU
		{DC7E8A90-4D36-49E2-A4B5-06201D84E567}.Debug|Any CPU.ActiveCfg = Debug|Any CPU
		{DC7E8A90-4D36-49E2-A4B5-06201D84E567}.Debug|Any CPU.Build.0 = Debug|Any CPU
		{DC7E8A90-4D36-49E2-A4B5-06201D84E567}.Release|Any CPU.ActiveCfg = Release|Any CPU
		{DC7E8A90-4D36-49E2-A4B5-06201D84E567}.Release|Any CPU.Build.0 = Release|Any CPU
		{5565315D-C5A1-4D84-8038-8E0BDBD127CF}.Debug|Any CPU.ActiveCfg = Debug|Any CPU
		{5565315D-C5A1-4D84-8038-8E0BDBD127CF}.Debug|Any CPU.Build.0 = Debug|Any CPU
		{5565315D-C5A1-4D84-8038-8E0BDBD127CF}.Release|Any CPU.ActiveCfg = Release|Any CPU
		{5565315D-C5A1-4D84-8038-8E0BDBD127CF}.Release|Any CPU.Build.0 = Release|Any CPU
		{BEBDEA68-991E-46F8-BD01-CF76E24DF271}.Debug|Any CPU.ActiveCfg = Debug|Any CPU
		{BEBDEA68-991E-46F8-BD01-CF76E24DF271}.Debug|Any CPU.Build.0 = Debug|Any CPU
		{BEBDEA68-991E-46F8-BD01-CF76E24DF271}.Release|Any CPU.ActiveCfg = Release|Any CPU
		{BEBDEA68-991E-46F8-BD01-CF76E24DF271}.Release|Any CPU.Build.0 = Release|Any CPU
		{62E7D166-F34D-4917-B31A-C472CC14FFE5}.Debug|Any CPU.ActiveCfg = Debug|Any CPU
		{62E7D166-F34D-4917-B31A-C472CC14FFE5}.Debug|Any CPU.Build.0 = Debug|Any CPU
		{62E7D166-F34D-4917-B31A-C472CC14FFE5}.Release|Any CPU.ActiveCfg = Release|Any CPU
		{62E7D166-F34D-4917-B31A-C472CC14FFE5}.Release|Any CPU.Build.0 = Release|Any CPU
		{29E5CD9E-9389-408D-8B36-0C70336286AA}.Debug|Any CPU.ActiveCfg = Debug|Any CPU
		{29E5CD9E-9389-408D-8B36-0C70336286AA}.Debug|Any CPU.Build.0 = Debug|Any CPU
		{29E5CD9E-9389-408D-8B36-0C70336286AA}.Release|Any CPU.ActiveCfg = Release|Any CPU
		{29E5CD9E-9389-408D-8B36-0C70336286AA}.Release|Any CPU.Build.0 = Release|Any CPU
		{2DB4D745-9F32-405A-AC64-062EB23DCAF3}.Debug|Any CPU.ActiveCfg = Debug|Any CPU
		{2DB4D745-9F32-405A-AC64-062EB23DCAF3}.Debug|Any CPU.Build.0 = Debug|Any CPU
		{2DB4D745-9F32-405A-AC64-062EB23DCAF3}.Release|Any CPU.ActiveCfg = Release|Any CPU
		{2DB4D745-9F32-405A-AC64-062EB23DCAF3}.Release|Any CPU.Build.0 = Release|Any CPU
	EndGlobalSection
	GlobalSection(SolutionProperties) = preSolution
		HideSolutionNode = FALSE
	EndGlobalSection
	GlobalSection(NestedProjects) = preSolution
		{497E2B2B-ECB2-4E19-8A5A-A968585D79D0} = {5A2EF8A4-CF98-4706-9012-32ADB9053D0D}
		{5A2EF8A4-CF98-4706-9012-32ADB9053D0D} = {1471B4B1-6391-42B3-8748-8C1FE455B1D0}
		{F7EA9F2B-0593-412F-8BAF-6180784ED9A9} = {5A2EF8A4-CF98-4706-9012-32ADB9053D0D}
		{04364C2F-44C1-42F6-8EB1-45FD3A50057F} = {5A2EF8A4-CF98-4706-9012-32ADB9053D0D}
		{0BF3FC6D-8538-43E3-AE4F-BD44807A4CE7} = {5A2EF8A4-CF98-4706-9012-32ADB9053D0D}
		{99884F25-5B36-4471-87A3-0BFEC5557FEC} = {5A2EF8A4-CF98-4706-9012-32ADB9053D0D}
		{8888775B-2872-4132-946A-CD5C431B3092} = {99884F25-5B36-4471-87A3-0BFEC5557FEC}
		{F471DEE1-1B86-431B-AB66-4F27C272746D} = {99884F25-5B36-4471-87A3-0BFEC5557FEC}
		{6FFDAC23-0E0A-42AF-9ED5-7D1CE897E0A9} = {1471B4B1-6391-42B3-8748-8C1FE455B1D0}
		{56FCD8F6-E154-49B5-81E0-A19F4863C008} = {5A2EF8A4-CF98-4706-9012-32ADB9053D0D}
		{F25CF5FA-1912-4EF8-AD95-826A099E6448} = {1471B4B1-6391-42B3-8748-8C1FE455B1D0}
		{8B530DBB-59F9-4075-8304-303694E4F768} = {F25CF5FA-1912-4EF8-AD95-826A099E6448}
		{9E0CC41F-EF95-48BD-BB75-574AC7AA79E0} = {F25CF5FA-1912-4EF8-AD95-826A099E6448}
		{DC7E8A90-4D36-49E2-A4B5-06201D84E567} = {F25CF5FA-1912-4EF8-AD95-826A099E6448}
		{5565315D-C5A1-4D84-8038-8E0BDBD127CF} = {F25CF5FA-1912-4EF8-AD95-826A099E6448}
		{630A3F28-9E95-498A-B07B-341DD9594DB9} = {F25CF5FA-1912-4EF8-AD95-826A099E6448}
		{BEBDEA68-991E-46F8-BD01-CF76E24DF271} = {F25CF5FA-1912-4EF8-AD95-826A099E6448}
		{9A5076AA-9AC8-4979-9A3C-C0B5AC4A4718} = {5A2EF8A4-CF98-4706-9012-32ADB9053D0D}
		{62E7D166-F34D-4917-B31A-C472CC14FFE5} = {9A5076AA-9AC8-4979-9A3C-C0B5AC4A4718}
		{29E5CD9E-9389-408D-8B36-0C70336286AA} = {1471B4B1-6391-42B3-8748-8C1FE455B1D0}
	EndGlobalSection
	GlobalSection(ExtensibilityGlobals) = postSolution
		SolutionGuid = {AE2597B7-0EE3-4A3C-8D4C-3CE29B5B8006}
	EndGlobalSection
EndGlobal
