
Microsoft Visual Studio Solution File, Format Version 12.00
# Visual Studio 15
VisualStudioVersion = 15.0.28010.2046
MinimumVisualStudioVersion = 10.0.40219.1
Project("{2150E333-8FDC-42A3-9474-1A3956D46DE8}") = "Presentation", "Presentation", "{3436ED40-9BF3-437E-9AEA-0EF9695D088C}"
EndProject
Project("{2150E333-8FDC-42A3-9474-1A3956D46DE8}") = "Core", "Core", "{CAC5A62C-E97D-45E4-8A47-3FD7E5819B1B}"
EndProject
Project("{2150E333-8FDC-42A3-9474-1A3956D46DE8}") = "Infrastructure", "Infrastructure", "{2910FCA6-8F42-4264-B5A6-9A43CA9B5ABE}"
EndProject
Project("{2150E333-8FDC-42A3-9474-1A3956D46DE8}") = "Common", "Common", "{6B8CE91C-92E5-4B90-B0BE-18BABFE5869F}"
EndProject
Project("{FAE04EC0-301F-11D3-BF4B-00C04F79EFBC}") = "PopQuiz.Domain", "PopQuiz.Domain\PopQuiz.Domain.csproj", "{3062CA52-705D-48C2-9065-90F77F29ADD8}"
EndProject
Project("{FAE04EC0-301F-11D3-BF4B-00C04F79EFBC}") = "PopQuiz.Application", "PopQuiz.Application\PopQuiz.Application.csproj", "{5D7CEDAA-A552-4819-BDBC-98D029709D5D}"
EndProject
Project("{FAE04EC0-301F-11D3-BF4B-00C04F79EFBC}") = "PopQuiz.Persistence", "Persistence\PopQuiz.Persistence.csproj", "{B321429B-613F-46C6-96F5-6D280D995857}"
EndProject
Project("{FAE04EC0-301F-11D3-BF4B-00C04F79EFBC}") = "PopQuiz.Infrastructure", "PopQuiz.Infrastructure\PopQuiz.Infrastructure.csproj", "{2B05E432-2763-43F9-96F0-18B8160DE0B0}"
EndProject
Global
	GlobalSection(SolutionConfigurationPlatforms) = preSolution
		Debug|Any CPU = Debug|Any CPU
		Release|Any CPU = Release|Any CPU
	EndGlobalSection
	GlobalSection(ProjectConfigurationPlatforms) = postSolution
		{3062CA52-705D-48C2-9065-90F77F29ADD8}.Debug|Any CPU.ActiveCfg = Debug|Any CPU
		{3062CA52-705D-48C2-9065-90F77F29ADD8}.Debug|Any CPU.Build.0 = Debug|Any CPU
		{3062CA52-705D-48C2-9065-90F77F29ADD8}.Release|Any CPU.ActiveCfg = Release|Any CPU
		{3062CA52-705D-48C2-9065-90F77F29ADD8}.Release|Any CPU.Build.0 = Release|Any CPU
		{5D7CEDAA-A552-4819-BDBC-98D029709D5D}.Debug|Any CPU.ActiveCfg = Debug|Any CPU
		{5D7CEDAA-A552-4819-BDBC-98D029709D5D}.Debug|Any CPU.Build.0 = Debug|Any CPU
		{5D7CEDAA-A552-4819-BDBC-98D029709D5D}.Release|Any CPU.ActiveCfg = Release|Any CPU
		{5D7CEDAA-A552-4819-BDBC-98D029709D5D}.Release|Any CPU.Build.0 = Release|Any CPU
		{B321429B-613F-46C6-96F5-6D280D995857}.Debug|Any CPU.ActiveCfg = Debug|Any CPU
		{B321429B-613F-46C6-96F5-6D280D995857}.Debug|Any CPU.Build.0 = Debug|Any CPU
		{B321429B-613F-46C6-96F5-6D280D995857}.Release|Any CPU.ActiveCfg = Release|Any CPU
		{B321429B-613F-46C6-96F5-6D280D995857}.Release|Any CPU.Build.0 = Release|Any CPU
		{2B05E432-2763-43F9-96F0-18B8160DE0B0}.Debug|Any CPU.ActiveCfg = Debug|Any CPU
		{2B05E432-2763-43F9-96F0-18B8160DE0B0}.Debug|Any CPU.Build.0 = Debug|Any CPU
		{2B05E432-2763-43F9-96F0-18B8160DE0B0}.Release|Any CPU.ActiveCfg = Release|Any CPU
		{2B05E432-2763-43F9-96F0-18B8160DE0B0}.Release|Any CPU.Build.0 = Release|Any CPU
	EndGlobalSection
	GlobalSection(SolutionProperties) = preSolution
		HideSolutionNode = FALSE
	EndGlobalSection
	GlobalSection(NestedProjects) = preSolution
		{3062CA52-705D-48C2-9065-90F77F29ADD8} = {CAC5A62C-E97D-45E4-8A47-3FD7E5819B1B}
		{5D7CEDAA-A552-4819-BDBC-98D029709D5D} = {CAC5A62C-E97D-45E4-8A47-3FD7E5819B1B}
		{B321429B-613F-46C6-96F5-6D280D995857} = {2910FCA6-8F42-4264-B5A6-9A43CA9B5ABE}
		{2B05E432-2763-43F9-96F0-18B8160DE0B0} = {2910FCA6-8F42-4264-B5A6-9A43CA9B5ABE}
	EndGlobalSection
	GlobalSection(ExtensibilityGlobals) = postSolution
		SolutionGuid = {DE10BC76-5B22-4325-9A4F-340D8946DAA7}
	EndGlobalSection
EndGlobal
